
Microsoft Visual Studio Solution File, Format Version 12.00
# Visual Studio Version 17
VisualStudioVersion = 17.6.33829.357
MinimumVisualStudioVersion = 10.0.40219.1
Project("{9A19103F-16F7-4668-BE54-9A1E7A4F7556}") = "RdlHelper", "RdlHelper\RdlHelper.csproj", "{60A6016B-B20A-4113-9742-A4732783D28B}"
EndProject
Project("{9A19103F-16F7-4668-BE54-9A1E7A4F7556}") = "RdlHelper.Models", "RdlHelper.Models\RdlHelper.Models.csproj", "{FBA97310-2B06-4B9D-A4E1-40B0C941FDC2}"
EndProject
Project("{9A19103F-16F7-4668-BE54-9A1E7A4F7556}") = "RdlHelper.ConsoleTest", "RdlHelper.ConsoleTest\RdlHelper.ConsoleTest.csproj", "{C79F0939-54AA-403B-BA47-72FA745CA2A1}"
EndProject
Project("{9A19103F-16F7-4668-BE54-9A1E7A4F7556}") = "IRegularTests", "IRegularTests\IRegularTests.csproj", "{A5436E8B-05B9-471F-A0B1-3B77C301F5C6}"
EndProject
Project("{FAE04EC0-301F-11D3-BF4B-00C04F79EFBC}") = "RdlHelper.UnitTest", "RdlHelper.UnitTest\RdlHelper.UnitTest.csproj", "{EEEDBFBC-0CC7-4FC6-901A-20E465F77458}"
EndProject
Global
	GlobalSection(SolutionConfigurationPlatforms) = preSolution
		Debug|Any CPU = Debug|Any CPU
		Release|Any CPU = Release|Any CPU
	EndGlobalSection
	GlobalSection(ProjectConfigurationPlatforms) = postSolution
		{60A6016B-B20A-4113-9742-A4732783D28B}.Debug|Any CPU.ActiveCfg = Debug|Any CPU
		{60A6016B-B20A-4113-9742-A4732783D28B}.Debug|Any CPU.Build.0 = Debug|Any CPU
		{60A6016B-B20A-4113-9742-A4732783D28B}.Release|Any CPU.ActiveCfg = Release|Any CPU
		{60A6016B-B20A-4113-9742-A4732783D28B}.Release|Any CPU.Build.0 = Release|Any CPU
		{FBA97310-2B06-4B9D-A4E1-40B0C941FDC2}.Debug|Any CPU.ActiveCfg = Debug|Any CPU
		{FBA97310-2B06-4B9D-A4E1-40B0C941FDC2}.Debug|Any CPU.Build.0 = Debug|Any CPU
		{FBA97310-2B06-4B9D-A4E1-40B0C941FDC2}.Release|Any CPU.ActiveCfg = Release|Any CPU
		{FBA97310-2B06-4B9D-A4E1-40B0C941FDC2}.Release|Any CPU.Build.0 = Release|Any CPU
		{C79F0939-54AA-403B-BA47-72FA745CA2A1}.Debug|Any CPU.ActiveCfg = Debug|Any CPU
		{C79F0939-54AA-403B-BA47-72FA745CA2A1}.Debug|Any CPU.Build.0 = Debug|Any CPU
		{C79F0939-54AA-403B-BA47-72FA745CA2A1}.Release|Any CPU.ActiveCfg = Release|Any CPU
		{C79F0939-54AA-403B-BA47-72FA745CA2A1}.Release|Any CPU.Build.0 = Release|Any CPU
		{A5436E8B-05B9-471F-A0B1-3B77C301F5C6}.Debug|Any CPU.ActiveCfg = Debug|Any CPU
		{A5436E8B-05B9-471F-A0B1-3B77C301F5C6}.Debug|Any CPU.Build.0 = Debug|Any CPU
		{A5436E8B-05B9-471F-A0B1-3B77C301F5C6}.Release|Any CPU.ActiveCfg = Release|Any CPU
		{A5436E8B-05B9-471F-A0B1-3B77C301F5C6}.Release|Any CPU.Build.0 = Release|Any CPU
		{EEEDBFBC-0CC7-4FC6-901A-20E465F77458}.Debug|Any CPU.ActiveCfg = Debug|Any CPU
		{EEEDBFBC-0CC7-4FC6-901A-20E465F77458}.Debug|Any CPU.Build.0 = Debug|Any CPU
		{EEEDBFBC-0CC7-4FC6-901A-20E465F77458}.Release|Any CPU.ActiveCfg = Release|Any CPU
		{EEEDBFBC-0CC7-4FC6-901A-20E465F77458}.Release|Any CPU.Build.0 = Release|Any CPU
	EndGlobalSection
	GlobalSection(SolutionProperties) = preSolution
		HideSolutionNode = FALSE
	EndGlobalSection
	GlobalSection(ExtensibilityGlobals) = postSolution
		SolutionGuid = {962C61E4-2B40-4B0E-B2F2-E484D1DFC885}
	EndGlobalSection
EndGlobal
